
Microsoft Visual Studio Solution File, Format Version 12.00
# Visual Studio Version 16
VisualStudioVersion = 16.0.31129.286
MinimumVisualStudioVersion = 10.0.40219.1
Project("{FAE04EC0-301F-11D3-BF4B-00C04F79EFBC}") = "GreenAtom", "GreenAtom\GreenAtom.csproj", "{46DA6FB2-6E75-4D5E-9C0B-77B5CA7D3FDE}"
EndProject
Global
	GlobalSection(SolutionConfigurationPlatforms) = preSolution
		Debug|Any CPU = Debug|Any CPU
		Release|Any CPU = Release|Any CPU
	EndGlobalSection
	GlobalSection(ProjectConfigurationPlatforms) = postSolution
		{46DA6FB2-6E75-4D5E-9C0B-77B5CA7D3FDE}.Debug|Any CPU.ActiveCfg = Debug|Any CPU
		{46DA6FB2-6E75-4D5E-9C0B-77B5CA7D3FDE}.Debug|Any CPU.Build.0 = Debug|Any CPU
		{46DA6FB2-6E75-4D5E-9C0B-77B5CA7D3FDE}.Release|Any CPU.ActiveCfg = Release|Any CPU
		{46DA6FB2-6E75-4D5E-9C0B-77B5CA7D3FDE}.Release|Any CPU.Build.0 = Release|Any CPU
	EndGlobalSection
	GlobalSection(SolutionProperties) = preSolution
		HideSolutionNode = FALSE
	EndGlobalSection
	GlobalSection(ExtensibilityGlobals) = postSolution
		SolutionGuid = {FE4B6FC3-6AD7-438B-B3E5-CD9AE5ABF017}
	EndGlobalSection
EndGlobal
